// !$*UTF8*$!
{
	archiveVersion = 1;
	classes = {
	};
	objectVersion = 46;
	objects = {

/* Begin PBXBuildFile section */
		F71CB4421D4B866F006CE1DA /* Abacus.h in Headers */ = {isa = PBXBuildFile; fileRef = F71CB4411D4B866F006CE1DA /* Abacus.h */; settings = {ATTRIBUTES = (Public, ); }; };
		F71CB44A1D4B86B6006CE1DA /* Constants.swift in Sources */ = {isa = PBXBuildFile; fileRef = F71CB4491D4B86B6006CE1DA /* Constants.swift */; };
		F71CB4521D4B8800006CE1DA /* AbacusTests.swift in Sources */ = {isa = PBXBuildFile; fileRef = F71CB4511D4B8800006CE1DA /* AbacusTests.swift */; };
		F71CB4541D4B8800006CE1DA /* Abacus.framework in Frameworks */ = {isa = PBXBuildFile; fileRef = F71CB43E1D4B866F006CE1DA /* Abacus.framework */; };
		F71CB45C1D4B890E006CE1DA /* Graph.swift in Sources */ = {isa = PBXBuildFile; fileRef = F71CB45B1D4B890E006CE1DA /* Graph.swift */; };
		F71CB45E1D4B8AD8006CE1DA /* UndirectedGraph.swift in Sources */ = {isa = PBXBuildFile; fileRef = F71CB45D1D4B8AD8006CE1DA /* UndirectedGraph.swift */; };
/* End PBXBuildFile section */

/* Begin PBXContainerItemProxy section */
		F71CB4551D4B8800006CE1DA /* PBXContainerItemProxy */ = {
			isa = PBXContainerItemProxy;
			containerPortal = F71CB4351D4B866F006CE1DA /* Project object */;
			proxyType = 1;
			remoteGlobalIDString = F71CB43D1D4B866F006CE1DA;
			remoteInfo = Abacus;
		};
/* End PBXContainerItemProxy section */

/* Begin PBXFileReference section */
		F71CB43E1D4B866F006CE1DA /* Abacus.framework */ = {isa = PBXFileReference; explicitFileType = wrapper.framework; includeInIndex = 0; path = Abacus.framework; sourceTree = BUILT_PRODUCTS_DIR; };
		F71CB4411D4B866F006CE1DA /* Abacus.h */ = {isa = PBXFileReference; lastKnownFileType = sourcecode.c.h; path = Abacus.h; sourceTree = "<group>"; };
		F71CB4431D4B8670006CE1DA /* Info.plist */ = {isa = PBXFileReference; lastKnownFileType = text.plist.xml; path = Info.plist; sourceTree = "<group>"; };
		F71CB4491D4B86B6006CE1DA /* Constants.swift */ = {isa = PBXFileReference; fileEncoding = 4; lastKnownFileType = sourcecode.swift; path = Constants.swift; sourceTree = "<group>"; };
		F71CB44F1D4B8800006CE1DA /* AbacusTests.xctest */ = {isa = PBXFileReference; explicitFileType = wrapper.cfbundle; includeInIndex = 0; path = AbacusTests.xctest; sourceTree = BUILT_PRODUCTS_DIR; };
		F71CB4511D4B8800006CE1DA /* AbacusTests.swift */ = {isa = PBXFileReference; lastKnownFileType = sourcecode.swift; path = AbacusTests.swift; sourceTree = "<group>"; };
		F71CB4531D4B8800006CE1DA /* Info.plist */ = {isa = PBXFileReference; lastKnownFileType = text.plist.xml; path = Info.plist; sourceTree = "<group>"; };
		F71CB45B1D4B890E006CE1DA /* Graph.swift */ = {isa = PBXFileReference; fileEncoding = 4; lastKnownFileType = sourcecode.swift; path = Graph.swift; sourceTree = "<group>"; };
		F71CB45D1D4B8AD8006CE1DA /* UndirectedGraph.swift */ = {isa = PBXFileReference; fileEncoding = 4; lastKnownFileType = sourcecode.swift; path = UndirectedGraph.swift; sourceTree = "<group>"; };
/* End PBXFileReference section */

/* Begin PBXFrameworksBuildPhase section */
		F71CB43A1D4B866F006CE1DA /* Frameworks */ = {
			isa = PBXFrameworksBuildPhase;
			buildActionMask = 2147483647;
			files = (
			);
			runOnlyForDeploymentPostprocessing = 0;
		};
		F71CB44C1D4B8800006CE1DA /* Frameworks */ = {
			isa = PBXFrameworksBuildPhase;
			buildActionMask = 2147483647;
			files = (
				F71CB4541D4B8800006CE1DA /* Abacus.framework in Frameworks */,
			);
			runOnlyForDeploymentPostprocessing = 0;
		};
/* End PBXFrameworksBuildPhase section */

/* Begin PBXGroup section */
		F71CB4341D4B866F006CE1DA = {
			isa = PBXGroup;
			children = (
				F71CB4401D4B866F006CE1DA /* Abacus */,
				F71CB4501D4B8800006CE1DA /* AbacusTests */,
				F71CB43F1D4B866F006CE1DA /* Products */,
			);
			sourceTree = "<group>";
		};
		F71CB43F1D4B866F006CE1DA /* Products */ = {
			isa = PBXGroup;
			children = (
				F71CB43E1D4B866F006CE1DA /* Abacus.framework */,
				F71CB44F1D4B8800006CE1DA /* AbacusTests.xctest */,
			);
			name = Products;
			sourceTree = "<group>";
		};
		F71CB4401D4B866F006CE1DA /* Abacus */ = {
			isa = PBXGroup;
			children = (
				F71CB4491D4B86B6006CE1DA /* Constants.swift */,
				F71CB45B1D4B890E006CE1DA /* Graph.swift */,
				F71CB45D1D4B8AD8006CE1DA /* UndirectedGraph.swift */,
				F71CB45A1D4B88F3006CE1DA /* Other */,
			);
			path = Abacus;
			sourceTree = "<group>";
		};
		F71CB4501D4B8800006CE1DA /* AbacusTests */ = {
			isa = PBXGroup;
			children = (
				F71CB4511D4B8800006CE1DA /* AbacusTests.swift */,
				F71CB4531D4B8800006CE1DA /* Info.plist */,
			);
			path = AbacusTests;
			sourceTree = "<group>";
		};
		F71CB45A1D4B88F3006CE1DA /* Other */ = {
			isa = PBXGroup;
			children = (
				F71CB4411D4B866F006CE1DA /* Abacus.h */,
				F71CB4431D4B8670006CE1DA /* Info.plist */,
			);
			name = Other;
			sourceTree = "<group>";
		};
/* End PBXGroup section */

/* Begin PBXHeadersBuildPhase section */
		F71CB43B1D4B866F006CE1DA /* Headers */ = {
			isa = PBXHeadersBuildPhase;
			buildActionMask = 2147483647;
			files = (
				F71CB4421D4B866F006CE1DA /* Abacus.h in Headers */,
			);
			runOnlyForDeploymentPostprocessing = 0;
		};
/* End PBXHeadersBuildPhase section */

/* Begin PBXNativeTarget section */
		F71CB43D1D4B866F006CE1DA /* Abacus */ = {
			isa = PBXNativeTarget;
			buildConfigurationList = F71CB4461D4B8670006CE1DA /* Build configuration list for PBXNativeTarget "Abacus" */;
			buildPhases = (
				F71CB4391D4B866F006CE1DA /* Sources */,
				F71CB43A1D4B866F006CE1DA /* Frameworks */,
				F71CB43B1D4B866F006CE1DA /* Headers */,
				F71CB43C1D4B866F006CE1DA /* Resources */,
			);
			buildRules = (
			);
			dependencies = (
			);
			name = Abacus;
			productName = Abacus;
			productReference = F71CB43E1D4B866F006CE1DA /* Abacus.framework */;
			productType = "com.apple.product-type.framework";
		};
		F71CB44E1D4B8800006CE1DA /* AbacusTests */ = {
			isa = PBXNativeTarget;
			buildConfigurationList = F71CB4571D4B8800006CE1DA /* Build configuration list for PBXNativeTarget "AbacusTests" */;
			buildPhases = (
				F71CB44B1D4B8800006CE1DA /* Sources */,
				F71CB44C1D4B8800006CE1DA /* Frameworks */,
				F71CB44D1D4B8800006CE1DA /* Resources */,
			);
			buildRules = (
			);
			dependencies = (
				F71CB4561D4B8800006CE1DA /* PBXTargetDependency */,
			);
			name = AbacusTests;
			productName = AbacusTests;
			productReference = F71CB44F1D4B8800006CE1DA /* AbacusTests.xctest */;
			productType = "com.apple.product-type.bundle.unit-test";
		};
/* End PBXNativeTarget section */

/* Begin PBXProject section */
		F71CB4351D4B866F006CE1DA /* Project object */ = {
			isa = PBXProject;
			attributes = {
				LastSwiftUpdateCheck = 0730;
				LastUpgradeCheck = 0730;
				ORGANIZATIONNAME = "Kent, Michael";
				TargetAttributes = {
					F71CB43D1D4B866F006CE1DA = {
						CreatedOnToolsVersion = 7.3.1;
					};
					F71CB44E1D4B8800006CE1DA = {
						CreatedOnToolsVersion = 7.3.1;
					};
				};
			};
			buildConfigurationList = F71CB4381D4B866F006CE1DA /* Build configuration list for PBXProject "Abacus" */;
			compatibilityVersion = "Xcode 3.2";
			developmentRegion = English;
			hasScannedForEncodings = 0;
			knownRegions = (
				en,
			);
			mainGroup = F71CB4341D4B866F006CE1DA;
			productRefGroup = F71CB43F1D4B866F006CE1DA /* Products */;
			projectDirPath = "";
			projectRoot = "";
			targets = (
				F71CB43D1D4B866F006CE1DA /* Abacus */,
				F71CB44E1D4B8800006CE1DA /* AbacusTests */,
			);
		};
/* End PBXProject section */

/* Begin PBXResourcesBuildPhase section */
		F71CB43C1D4B866F006CE1DA /* Resources */ = {
			isa = PBXResourcesBuildPhase;
			buildActionMask = 2147483647;
			files = (
			);
			runOnlyForDeploymentPostprocessing = 0;
		};
		F71CB44D1D4B8800006CE1DA /* Resources */ = {
			isa = PBXResourcesBuildPhase;
			buildActionMask = 2147483647;
			files = (
			);
			runOnlyForDeploymentPostprocessing = 0;
		};
/* End PBXResourcesBuildPhase section */

/* Begin PBXSourcesBuildPhase section */
		F71CB4391D4B866F006CE1DA /* Sources */ = {
			isa = PBXSourcesBuildPhase;
			buildActionMask = 2147483647;
			files = (
				F71CB45C1D4B890E006CE1DA /* Graph.swift in Sources */,
				F71CB45E1D4B8AD8006CE1DA /* UndirectedGraph.swift in Sources */,
				F71CB44A1D4B86B6006CE1DA /* Constants.swift in Sources */,
			);
			runOnlyForDeploymentPostprocessing = 0;
		};
		F71CB44B1D4B8800006CE1DA /* Sources */ = {
			isa = PBXSourcesBuildPhase;
			buildActionMask = 2147483647;
			files = (
				F71CB4521D4B8800006CE1DA /* AbacusTests.swift in Sources */,
			);
			runOnlyForDeploymentPostprocessing = 0;
		};
/* End PBXSourcesBuildPhase section */

/* Begin PBXTargetDependency section */
		F71CB4561D4B8800006CE1DA /* PBXTargetDependency */ = {
			isa = PBXTargetDependency;
			target = F71CB43D1D4B866F006CE1DA /* Abacus */;
			targetProxy = F71CB4551D4B8800006CE1DA /* PBXContainerItemProxy */;
		};
/* End PBXTargetDependency section */

/* Begin XCBuildConfiguration section */
		F71CB4441D4B8670006CE1DA /* Debug */ = {
			isa = XCBuildConfiguration;
			buildSettings = {
				ALWAYS_SEARCH_USER_PATHS = NO;
				CLANG_ANALYZER_NONNULL = YES;
				CLANG_CXX_LANGUAGE_STANDARD = "gnu++0x";
				CLANG_CXX_LIBRARY = "libc++";
				CLANG_ENABLE_MODULES = YES;
				CLANG_ENABLE_OBJC_ARC = YES;
				CLANG_WARN_BOOL_CONVERSION = YES;
				CLANG_WARN_CONSTANT_CONVERSION = YES;
				CLANG_WARN_DIRECT_OBJC_ISA_USAGE = YES_ERROR;
				CLANG_WARN_EMPTY_BODY = YES;
				CLANG_WARN_ENUM_CONVERSION = YES;
				CLANG_WARN_INT_CONVERSION = YES;
				CLANG_WARN_OBJC_ROOT_CLASS = YES_ERROR;
				CLANG_WARN_UNREACHABLE_CODE = YES;
				CLANG_WARN__DUPLICATE_METHOD_MATCH = YES;
				"CODE_SIGN_IDENTITY[sdk=iphoneos*]" = "iPhone Developer";
				COPY_PHASE_STRIP = NO;
				CURRENT_PROJECT_VERSION = 1;
				DEBUG_INFORMATION_FORMAT = dwarf;
				ENABLE_STRICT_OBJC_MSGSEND = YES;
				ENABLE_TESTABILITY = YES;
				GCC_C_LANGUAGE_STANDARD = gnu99;
				GCC_DYNAMIC_NO_PIC = NO;
				GCC_NO_COMMON_BLOCKS = YES;
				GCC_OPTIMIZATION_LEVEL = 0;
				GCC_PREPROCESSOR_DEFINITIONS = (
					"DEBUG=1",
					"$(inherited)",
				);
				GCC_WARN_64_TO_32_BIT_CONVERSION = YES;
				GCC_WARN_ABOUT_RETURN_TYPE = YES_ERROR;
				GCC_WARN_UNDECLARED_SELECTOR = YES;
				GCC_WARN_UNINITIALIZED_AUTOS = YES_AGGRESSIVE;
				GCC_WARN_UNUSED_FUNCTION = YES;
				GCC_WARN_UNUSED_VARIABLE = YES;
				IPHONEOS_DEPLOYMENT_TARGET = 9.3;
				MTL_ENABLE_DEBUG_INFO = YES;
				ONLY_ACTIVE_ARCH = YES;
				SDKROOT = iphoneos;
				SWIFT_OPTIMIZATION_LEVEL = "-Onone";
				TARGETED_DEVICE_FAMILY = "1,2";
				VERSIONING_SYSTEM = "apple-generic";
				VERSION_INFO_PREFIX = "";
			};
			name = Debug;
		};
		F71CB4451D4B8670006CE1DA /* Release */ = {
			isa = XCBuildConfiguration;
			buildSettings = {
				ALWAYS_SEARCH_USER_PATHS = NO;
				CLANG_ANALYZER_NONNULL = YES;
				CLANG_CXX_LANGUAGE_STANDARD = "gnu++0x";
				CLANG_CXX_LIBRARY = "libc++";
				CLANG_ENABLE_MODULES = YES;
				CLANG_ENABLE_OBJC_ARC = YES;
				CLANG_WARN_BOOL_CONVERSION = YES;
				CLANG_WARN_CONSTANT_CONVERSION = YES;
				CLANG_WARN_DIRECT_OBJC_ISA_USAGE = YES_ERROR;
				CLANG_WARN_EMPTY_BODY = YES;
				CLANG_WARN_ENUM_CONVERSION = YES;
				CLANG_WARN_INT_CONVERSION = YES;
				CLANG_WARN_OBJC_ROOT_CLASS = YES_ERROR;
				CLANG_WARN_UNREACHABLE_CODE = YES;
				CLANG_WARN__DUPLICATE_METHOD_MATCH = YES;
				"CODE_SIGN_IDENTITY[sdk=iphoneos*]" = "iPhone Developer";
				COPY_PHASE_STRIP = NO;
				CURRENT_PROJECT_VERSION = 1;
				DEBUG_INFORMATION_FORMAT = "dwarf-with-dsym";
				ENABLE_NS_ASSERTIONS = NO;
				ENABLE_STRICT_OBJC_MSGSEND = YES;
				GCC_C_LANGUAGE_STANDARD = gnu99;
				GCC_NO_COMMON_BLOCKS = YES;
				GCC_WARN_64_TO_32_BIT_CONVERSION = YES;
				GCC_WARN_ABOUT_RETURN_TYPE = YES_ERROR;
				GCC_WARN_UNDECLARED_SELECTOR = YES;
				GCC_WARN_UNINITIALIZED_AUTOS = YES_AGGRESSIVE;
				GCC_WARN_UNUSED_FUNCTION = YES;
				GCC_WARN_UNUSED_VARIABLE = YES;
				IPHONEOS_DEPLOYMENT_TARGET = 9.3;
				MTL_ENABLE_DEBUG_INFO = NO;
				SDKROOT = iphoneos;
				TARGETED_DEVICE_FAMILY = "1,2";
				VALIDATE_PRODUCT = YES;
				VERSIONING_SYSTEM = "apple-generic";
				VERSION_INFO_PREFIX = "";
			};
			name = Release;
		};
		F71CB4471D4B8670006CE1DA /* Debug */ = {
			isa = XCBuildConfiguration;
			buildSettings = {
				CLANG_ENABLE_MODULES = YES;
				DEFINES_MODULE = YES;
				DYLIB_COMPATIBILITY_VERSION = 1;
				DYLIB_CURRENT_VERSION = 1;
				DYLIB_INSTALL_NAME_BASE = "@rpath";
				INFOPLIST_FILE = Abacus/Info.plist;
				INSTALL_PATH = "$(LOCAL_LIBRARY_DIR)/Frameworks";
				LD_RUNPATH_SEARCH_PATHS = "$(inherited) @executable_path/Frameworks @loader_path/Frameworks";
				PRODUCT_BUNDLE_IDENTIFIER = com.copaceticstudios.Abacus;
				PRODUCT_NAME = "$(TARGET_NAME)";
				SKIP_INSTALL = YES;
				SWIFT_OPTIMIZATION_LEVEL = "-Onone";
			};
			name = Debug;
		};
		F71CB4481D4B8670006CE1DA /* Release */ = {
			isa = XCBuildConfiguration;
			buildSettings = {
				CLANG_ENABLE_MODULES = YES;
				DEFINES_MODULE = YES;
				DYLIB_COMPATIBILITY_VERSION = 1;
				DYLIB_CURRENT_VERSION = 1;
				DYLIB_INSTALL_NAME_BASE = "@rpath";
				INFOPLIST_FILE = Abacus/Info.plist;
				INSTALL_PATH = "$(LOCAL_LIBRARY_DIR)/Frameworks";
				LD_RUNPATH_SEARCH_PATHS = "$(inherited) @executable_path/Frameworks @loader_path/Frameworks";
				PRODUCT_BUNDLE_IDENTIFIER = com.copaceticstudios.Abacus;
				PRODUCT_NAME = "$(TARGET_NAME)";
				SKIP_INSTALL = YES;
			};
			name = Release;
		};
		F71CB4581D4B8800006CE1DA /* Debug */ = {
			isa = XCBuildConfiguration;
			buildSettings = {
				INFOPLIST_FILE = AbacusTests/Info.plist;
				LD_RUNPATH_SEARCH_PATHS = "$(inherited) @executable_path/Frameworks @loader_path/Frameworks";
				PRODUCT_BUNDLE_IDENTIFIER = com.copaceticstudios.AbacusTests;
				PRODUCT_NAME = "$(TARGET_NAME)";
			};
			name = Debug;
		};
		F71CB4591D4B8800006CE1DA /* Release */ = {
			isa = XCBuildConfiguration;
			buildSettings = {
				INFOPLIST_FILE = AbacusTests/Info.plist;
				LD_RUNPATH_SEARCH_PATHS = "$(inherited) @executable_path/Frameworks @loader_path/Frameworks";
				PRODUCT_BUNDLE_IDENTIFIER = com.copaceticstudios.AbacusTests;
				PRODUCT_NAME = "$(TARGET_NAME)";
			};
			name = Release;
		};
/* End XCBuildConfiguration section */

/* Begin XCConfigurationList section */
		F71CB4381D4B866F006CE1DA /* Build configuration list for PBXProject "Abacus" */ = {
			isa = XCConfigurationList;
			buildConfigurations = (
				F71CB4441D4B8670006CE1DA /* Debug */,
				F71CB4451D4B8670006CE1DA /* Release */,
			);
			defaultConfigurationIsVisible = 0;
			defaultConfigurationName = Release;
		};
		F71CB4461D4B8670006CE1DA /* Build configuration list for PBXNativeTarget "Abacus" */ = {
			isa = XCConfigurationList;
			buildConfigurations = (
				F71CB4471D4B8670006CE1DA /* Debug */,
				F71CB4481D4B8670006CE1DA /* Release */,
			);
			defaultConfigurationIsVisible = 0;
		};
		F71CB4571D4B8800006CE1DA /* Build configuration list for PBXNativeTarget "AbacusTests" */ = {
			isa = XCConfigurationList;
			buildConfigurations = (
				F71CB4581D4B8800006CE1DA /* Debug */,
				F71CB4591D4B8800006CE1DA /* Release */,
			);
			defaultConfigurationIsVisible = 0;
		};
/* End XCConfigurationList section */
	};
	rootObject = F71CB4351D4B866F006CE1DA /* Project object */;
}
